
Microsoft Visual Studio Solution File, Format Version 12.00
# Visual Studio Version 16
VisualStudioVersion = 16.0.29709.97
MinimumVisualStudioVersion = 10.0.40219.1
Project("{9A19103F-16F7-4668-BE54-9A1E7A4F7556}") = "Sales Receipts", "Sales Receipts\Sales Receipts.csproj", "{0F00AA20-98B3-422B-A047-2744FCA11712}"
EndProject
Project("{FAE04EC0-301F-11D3-BF4B-00C04F79EFBC}") = "DirectoriesAndFiles", "DirectoriesAndFiles\DirectoriesAndFiles.csproj", "{A82187E3-AC72-47B9-9423-9BBA4ED7C426}"
EndProject
Global
	GlobalSection(SolutionConfigurationPlatforms) = preSolution
		Debug|Any CPU = Debug|Any CPU
		Release|Any CPU = Release|Any CPU
	EndGlobalSection
	GlobalSection(ProjectConfigurationPlatforms) = postSolution
		{0F00AA20-98B3-422B-A047-2744FCA11712}.Debug|Any CPU.ActiveCfg = Debug|Any CPU
		{0F00AA20-98B3-422B-A047-2744FCA11712}.Debug|Any CPU.Build.0 = Debug|Any CPU
		{0F00AA20-98B3-422B-A047-2744FCA11712}.Release|Any CPU.ActiveCfg = Release|Any CPU
		{0F00AA20-98B3-422B-A047-2744FCA11712}.Release|Any CPU.Build.0 = Release|Any CPU
		{A82187E3-AC72-47B9-9423-9BBA4ED7C426}.Debug|Any CPU.ActiveCfg = Debug|Any CPU
		{A82187E3-AC72-47B9-9423-9BBA4ED7C426}.Debug|Any CPU.Build.0 = Debug|Any CPU
		{A82187E3-AC72-47B9-9423-9BBA4ED7C426}.Release|Any CPU.ActiveCfg = Release|Any CPU
		{A82187E3-AC72-47B9-9423-9BBA4ED7C426}.Release|Any CPU.Build.0 = Release|Any CPU
	EndGlobalSection
	GlobalSection(SolutionProperties) = preSolution
		HideSolutionNode = FALSE
	EndGlobalSection
	GlobalSection(ExtensibilityGlobals) = postSolution
		SolutionGuid = {FCE055E8-31BA-4588-B958-DF526EF46CD0}
	EndGlobalSection
EndGlobal
